{
  "name": "virtual-bookshelf",
  "lockfileVersion": 3,
  "requires": true,
  "packages": {
    "": {
      "dependencies": {
        "@dnd-kit/react": "^0.3.1"
      }
    },
    "node_modules/@dnd-kit/abstract": {
      "version": "0.3.1",
      "resolved": "https://jfrog.accenturefederaldev.com/artifactory/api/npm/afs-npm-proxy/@dnd-kit/abstract/-/abstract-0.3.1.tgz",
      "integrity": "sha512-28nhIFZJjvHEEMDyDQTnCON2WrPlkIcQh8QXKpq+tv3L9VHkv3nW5lwY+fSMkupj7E+YJO2w3kLR1H5GE4Ei+w==",
      "license": "MIT",
      "dependencies": {
        "@dnd-kit/geometry": "^0.3.1",
        "@dnd-kit/state": "^0.3.1",
        "tslib": "^2.6.2"
      }
    },
    "node_modules/@dnd-kit/collision": {
      "version": "0.3.1",
      "resolved": "https://jfrog.accenturefederaldev.com/artifactory/api/npm/afs-npm-proxy/@dnd-kit/collision/-/collision-0.3.1.tgz",
      "integrity": "sha512-YRv2s6m7SGIzxbAuMXx6lwq4+LcRAvTSLdfIQQnUV1XzXfsJ1/Qhp2aDIfxynh5auQfVQXiLFAG9ygGAQyO+aA==",
      "license": "MIT",
      "dependencies": {
        "@dnd-kit/abstract": "^0.3.1",
        "@dnd-kit/geometry": "^0.3.1",
        "tslib": "^2.6.2"
      }
    },
    "node_modules/@dnd-kit/dom": {
      "version": "0.3.1",
      "resolved": "https://jfrog.accenturefederaldev.com/artifactory/api/npm/afs-npm-proxy/@dnd-kit/dom/-/dom-0.3.1.tgz",
      "integrity": "sha512-cJJ8eEewhdvgCfOLzYuKvjmiGDYFy32HxnLdhKmvzesyO8emZ6tGbfwX/yscTobN0heaktAp5esWNmsT4tFmIA==",
      "license": "MIT",
      "dependencies": {
        "@dnd-kit/abstract": "^0.3.1",
        "@dnd-kit/collision": "^0.3.1",
        "@dnd-kit/geometry": "^0.3.1",
        "@dnd-kit/state": "^0.3.1",
        "tslib": "^2.6.2"
      }
    },
    "node_modules/@dnd-kit/geometry": {
      "version": "0.3.1",
      "resolved": "https://jfrog.accenturefederaldev.com/artifactory/api/npm/afs-npm-proxy/@dnd-kit/geometry/-/geometry-0.3.1.tgz",
      "integrity": "sha512-3mmMXSyYv6O4tsiOm8aJbQaJyxex/MMuqyRPHvKqILj7BeCda4Hc8LXRl1HjO7m63rAP6ZFMZBBBo2tn/rhFWA==",
      "license": "MIT",
      "dependencies": {
        "@dnd-kit/state": "^0.3.1",
        "tslib": "^2.6.2"
      }
    },
    "node_modules/@dnd-kit/react": {
      "version": "0.3.1",
      "resolved": "https://jfrog.accenturefederaldev.com/artifactory/api/npm/afs-npm-proxy/@dnd-kit/react/-/react-0.3.1.tgz",
      "integrity": "sha512-k73HOD4CalqfkpjbNRyl5268SLt1kxF2vBqLgxsVuGIFP2g7Ck9VLMvPc5gUf//QMbzljGzEID+qSzApeevf5w==",
      "license": "MIT",
      "dependencies": {
        "@dnd-kit/abstract": "^0.3.1",
        "@dnd-kit/dom": "^0.3.1",
        "@dnd-kit/state": "^0.3.1",
        "tslib": "^2.6.2"
      },
      "peerDependencies": {
        "react": "^18.0.0 || ^19.0.0",
        "react-dom": "^18.0.0 || ^19.0.0"
      }
    },
    "node_modules/@dnd-kit/state": {
      "version": "0.3.1",
      "resolved": "https://jfrog.accenturefederaldev.com/artifactory/api/npm/afs-npm-proxy/@dnd-kit/state/-/state-0.3.1.tgz",
      "integrity": "sha512-7/+gsBYfdwX8AYdMqMnskQAG8icKOEx3r1ycGTuywONF4tp7xeh2O9u2D0Q0o5NI/rB2r+Y4+Y8wgc9TlzUVOQ==",
      "license": "MIT",
      "dependencies": {
        "@preact/signals-core": "^1.10.0",
        "tslib": "^2.6.2"
      }
    },
    "node_modules/@preact/signals-core": {
      "version": "1.13.0",
      "resolved": "https://jfrog.accenturefederaldev.com/artifactory/api/npm/afs-npm-proxy/@preact/signals-core/-/signals-core-1.13.0.tgz",
      "integrity": "sha512-slT6XeTCAbdql61GVLlGU4x7XHI7kCZV5Um5uhE4zLX4ApgiiXc0UYFvVOKq06xcovzp7p+61l68oPi563ARKg==",
      "license": "MIT",
      "funding": {
        "type": "opencollective",
        "url": "https://opencollective.com/preact"
      }
    },
    "node_modules/react": {
      "version": "19.2.4",
      "resolved": "https://jfrog.accenturefederaldev.com/artifactory/api/npm/afs-npm-proxy/react/-/react-19.2.4.tgz",
      "integrity": "sha512-9nfp2hYpCwOjAN+8TZFGhtWEwgvWHXqESH8qT89AT/lWklpLON22Lc8pEtnpsZz7VmawabSU0gCjnj8aC0euHQ==",
      "license": "MIT",
      "peer": true,
      "engines": {
        "node": ">=0.10.0"
      }
    },
    "node_modules/react-dom": {
      "version": "19.2.4",
      "resolved": "https://jfrog.accenturefederaldev.com/artifactory/api/npm/afs-npm-proxy/react-dom/-/react-dom-19.2.4.tgz",
      "integrity": "sha512-AXJdLo8kgMbimY95O2aKQqsz2iWi9jMgKJhRBAxECE4IFxfcazB2LmzloIoibJI3C12IlY20+KFaLv+71bUJeQ==",
      "license": "MIT",
      "peer": true,
      "dependencies": {
        "scheduler": "^0.27.0"
      },
      "peerDependencies": {
        "react": "^19.2.4"
      }
    },
    "node_modules/scheduler": {
      "version": "0.27.0",
      "resolved": "https://jfrog.accenturefederaldev.com/artifactory/api/npm/afs-npm-proxy/scheduler/-/scheduler-0.27.0.tgz",
      "integrity": "sha512-eNv+WrVbKu1f3vbYJT/xtiF5syA5HPIMtf9IgY/nKg0sWqzAUEvqY/xm7OcZc/qafLx/iO9FgOmeSAp4v5ti/Q==",
      "license": "MIT",
      "peer": true
    },
    "node_modules/tslib": {
      "version": "2.8.1",
      "resolved": "https://jfrog.accenturefederaldev.com/artifactory/api/npm/afs-npm-proxy/tslib/-/tslib-2.8.1.tgz",
      "integrity": "sha512-oJFu94HQb+KVduSUQL7wnpmqnfmLsOA/nAh6b6EH0wCEoK0/mPeXU6c3wKDV83MkOuHPRHtSXKKU99IBazS/2w==",
      "license": "0BSD"
    }
  }
}
